// !$*UTF8*$!
{
	archiveVersion = 1;
	classes = {
	};
	objectVersion = 50;
	objects = {

/* Begin PBXBuildFile section */
		0DE6E4A97753B2EF4246E863 /* Pods_CatFacts.framework in Frameworks */ = {isa = PBXBuildFile; fileRef = 82ADFFD4B4E7F3E200D671A5 /* Pods_CatFacts.framework */; };
		4B1BC42521E0F3B500D3BC12 /* CatDetailViewModel.swift in Sources */ = {isa = PBXBuildFile; fileRef = 4B1BC42421E0F3B500D3BC12 /* CatDetailViewModel.swift */; };
		4B1BC42821E0F50C00D3BC12 /* CatTableViewCell.swift in Sources */ = {isa = PBXBuildFile; fileRef = 4B1BC42621E0F50C00D3BC12 /* CatTableViewCell.swift */; };
		4B1BC42921E0F50C00D3BC12 /* CatTableViewCell.xib in Resources */ = {isa = PBXBuildFile; fileRef = 4B1BC42721E0F50C00D3BC12 /* CatTableViewCell.xib */; };
		4B1BC42C21E0FC1B00D3BC12 /* CatDetailViewController.swift in Sources */ = {isa = PBXBuildFile; fileRef = 4B1BC42A21E0FC1B00D3BC12 /* CatDetailViewController.swift */; };
		4B1BC42D21E0FC1B00D3BC12 /* CatDetailViewController.xib in Resources */ = {isa = PBXBuildFile; fileRef = 4B1BC42B21E0FC1B00D3BC12 /* CatDetailViewController.xib */; };
		4B1BC42F21E12C7E00D3BC12 /* Router.swift in Sources */ = {isa = PBXBuildFile; fileRef = 4B1BC42E21E12C7E00D3BC12 /* Router.swift */; };
		4B1BC43221E12CA800D3BC12 /* AlertViewController.swift in Sources */ = {isa = PBXBuildFile; fileRef = 4B1BC43121E12CA800D3BC12 /* AlertViewController.swift */; };
		4B38446521DFB6A70064F731 /* DownloadService.swift in Sources */ = {isa = PBXBuildFile; fileRef = 4B38446421DFB6A70064F731 /* DownloadService.swift */; };
		4B38446821DFB7350064F731 /* Result.swift in Sources */ = {isa = PBXBuildFile; fileRef = 4B38446721DFB7350064F731 /* Result.swift */; };
		4B38446D21DFB7C30064F731 /* WelcomeViewModel.swift in Sources */ = {isa = PBXBuildFile; fileRef = 4B38446C21DFB7C30064F731 /* WelcomeViewModel.swift */; };
		4B38446F21DFB7CF0064F731 /* SignUpViewModel.swift in Sources */ = {isa = PBXBuildFile; fileRef = 4B38446E21DFB7CF0064F731 /* SignUpViewModel.swift */; };
		4B38447121DFB7DB0064F731 /* SignInViewModel.swift in Sources */ = {isa = PBXBuildFile; fileRef = 4B38447021DFB7DB0064F731 /* SignInViewModel.swift */; };
		4B38447321DFB7F80064F731 /* UserDefaultsService.swift in Sources */ = {isa = PBXBuildFile; fileRef = 4B38447221DFB7F80064F731 /* UserDefaultsService.swift */; };
		4B38449721DFC89A0064F731 /* RootViewController.swift in Sources */ = {isa = PBXBuildFile; fileRef = 4B38449621DFC89A0064F731 /* RootViewController.swift */; };
		4B38449921DFD25E0064F731 /* MainViewModel.swift in Sources */ = {isa = PBXBuildFile; fileRef = 4B38449821DFD25E0064F731 /* MainViewModel.swift */; };
		4B38449E21DFD6870064F731 /* KeyboardContentAdjustable.swift in Sources */ = {isa = PBXBuildFile; fileRef = 4B38449D21DFD6870064F731 /* KeyboardContentAdjustable.swift */; };
		4B3844A021DFD6930064F731 /* CustomButton.swift in Sources */ = {isa = PBXBuildFile; fileRef = 4B38449F21DFD6930064F731 /* CustomButton.swift */; };
		4B3844A221DFD6A60064F731 /* CustomTextField.swift in Sources */ = {isa = PBXBuildFile; fileRef = 4B3844A121DFD6A60064F731 /* CustomTextField.swift */; };
		4B3844A421DFD6AE0064F731 /* ViewConfig.swift in Sources */ = {isa = PBXBuildFile; fileRef = 4B3844A321DFD6AE0064F731 /* ViewConfig.swift */; };
		4B3844A721DFD7FF0064F731 /* SignInViewController.swift in Sources */ = {isa = PBXBuildFile; fileRef = 4B3844A521DFD7FE0064F731 /* SignInViewController.swift */; };
		4B3844A821DFD7FF0064F731 /* SignInViewController.xib in Resources */ = {isa = PBXBuildFile; fileRef = 4B3844A621DFD7FE0064F731 /* SignInViewController.xib */; };
		4B3844AB21DFD85C0064F731 /* SignUpViewController.xib in Resources */ = {isa = PBXBuildFile; fileRef = 4B3844A921DFD85C0064F731 /* SignUpViewController.xib */; };
		4B3844AC21DFD85C0064F731 /* SignUpViewController.swift in Sources */ = {isa = PBXBuildFile; fileRef = 4B3844AA21DFD85C0064F731 /* SignUpViewController.swift */; };
		4B3844AF21DFD89E0064F731 /* WelcomeViewController.swift in Sources */ = {isa = PBXBuildFile; fileRef = 4B3844AD21DFD89E0064F731 /* WelcomeViewController.swift */; };
		4B3844B021DFD89E0064F731 /* WelcomeViewController.xib in Resources */ = {isa = PBXBuildFile; fileRef = 4B3844AE21DFD89E0064F731 /* WelcomeViewController.xib */; };
		4B3844B221DFE9AE0064F731 /* AlertViewModel.swift in Sources */ = {isa = PBXBuildFile; fileRef = 4B3844B121DFE9AE0064F731 /* AlertViewModel.swift */; };
		4B3844B521DFEC2B0064F731 /* EmailValidationStringExtension.swift in Sources */ = {isa = PBXBuildFile; fileRef = 4B3844B421DFEC2B0064F731 /* EmailValidationStringExtension.swift */; };
		4B3844B721DFFB2B0064F731 /* UserDefaults.swift in Sources */ = {isa = PBXBuildFile; fileRef = 4B3844B621DFFB2B0064F731 /* UserDefaults.swift */; };
		4B3844BA21E02EC40064F731 /* MainViewController.swift in Sources */ = {isa = PBXBuildFile; fileRef = 4B3844B821E02EC40064F731 /* MainViewController.swift */; };
		4B3844BB21E02EC40064F731 /* MainViewController.xib in Resources */ = {isa = PBXBuildFile; fileRef = 4B3844B921E02EC40064F731 /* MainViewController.xib */; };
		4B3844BD21E038F80064F731 /* CatCellViewModel.swift in Sources */ = {isa = PBXBuildFile; fileRef = 4B3844BC21E038F80064F731 /* CatCellViewModel.swift */; };
		4B3844C121E03C5E0064F731 /* Cat.swift in Sources */ = {isa = PBXBuildFile; fileRef = 4B3844C021E03C5E0064F731 /* Cat.swift */; };
		4B9248DD21DFB29D00873821 /* AppDelegate.swift in Sources */ = {isa = PBXBuildFile; fileRef = 4B9248DC21DFB29D00873821 /* AppDelegate.swift */; };
		4B9248E421DFB29E00873821 /* Assets.xcassets in Resources */ = {isa = PBXBuildFile; fileRef = 4B9248E321DFB29E00873821 /* Assets.xcassets */; };
		4B9248E721DFB29E00873821 /* LaunchScreen.storyboard in Resources */ = {isa = PBXBuildFile; fileRef = 4B9248E521DFB29E00873821 /* LaunchScreen.storyboard */; };
/* End PBXBuildFile section */

/* Begin PBXFileReference section */
		2DE9F459D069525AE322C914 /* Pods-CatFacts.release.xcconfig */ = {isa = PBXFileReference; includeInIndex = 1; lastKnownFileType = text.xcconfig; name = "Pods-CatFacts.release.xcconfig"; path = "Pods/Target Support Files/Pods-CatFacts/Pods-CatFacts.release.xcconfig"; sourceTree = "<group>"; };
		4B1BC42421E0F3B500D3BC12 /* CatDetailViewModel.swift */ = {isa = PBXFileReference; lastKnownFileType = sourcecode.swift; path = CatDetailViewModel.swift; sourceTree = "<group>"; };
		4B1BC42621E0F50C00D3BC12 /* CatTableViewCell.swift */ = {isa = PBXFileReference; lastKnownFileType = sourcecode.swift; path = CatTableViewCell.swift; sourceTree = "<group>"; };
		4B1BC42721E0F50C00D3BC12 /* CatTableViewCell.xib */ = {isa = PBXFileReference; lastKnownFileType = file.xib; path = CatTableViewCell.xib; sourceTree = "<group>"; };
		4B1BC42A21E0FC1B00D3BC12 /* CatDetailViewController.swift */ = {isa = PBXFileReference; lastKnownFileType = sourcecode.swift; path = CatDetailViewController.swift; sourceTree = "<group>"; };
		4B1BC42B21E0FC1B00D3BC12 /* CatDetailViewController.xib */ = {isa = PBXFileReference; lastKnownFileType = file.xib; path = CatDetailViewController.xib; sourceTree = "<group>"; };
		4B1BC42E21E12C7E00D3BC12 /* Router.swift */ = {isa = PBXFileReference; lastKnownFileType = sourcecode.swift; path = Router.swift; sourceTree = "<group>"; };
		4B1BC43121E12CA800D3BC12 /* AlertViewController.swift */ = {isa = PBXFileReference; lastKnownFileType = sourcecode.swift; path = AlertViewController.swift; sourceTree = "<group>"; };
		4B38446421DFB6A70064F731 /* DownloadService.swift */ = {isa = PBXFileReference; lastKnownFileType = sourcecode.swift; path = DownloadService.swift; sourceTree = "<group>"; };
		4B38446721DFB7350064F731 /* Result.swift */ = {isa = PBXFileReference; lastKnownFileType = sourcecode.swift; path = Result.swift; sourceTree = "<group>"; };
		4B38446C21DFB7C30064F731 /* WelcomeViewModel.swift */ = {isa = PBXFileReference; lastKnownFileType = sourcecode.swift; path = WelcomeViewModel.swift; sourceTree = "<group>"; };
		4B38446E21DFB7CF0064F731 /* SignUpViewModel.swift */ = {isa = PBXFileReference; lastKnownFileType = sourcecode.swift; path = SignUpViewModel.swift; sourceTree = "<group>"; };
		4B38447021DFB7DB0064F731 /* SignInViewModel.swift */ = {isa = PBXFileReference; lastKnownFileType = sourcecode.swift; path = SignInViewModel.swift; sourceTree = "<group>"; };
		4B38447221DFB7F80064F731 /* UserDefaultsService.swift */ = {isa = PBXFileReference; lastKnownFileType = sourcecode.swift; path = UserDefaultsService.swift; sourceTree = "<group>"; };
		4B38449621DFC89A0064F731 /* RootViewController.swift */ = {isa = PBXFileReference; lastKnownFileType = sourcecode.swift; path = RootViewController.swift; sourceTree = "<group>"; };
		4B38449821DFD25E0064F731 /* MainViewModel.swift */ = {isa = PBXFileReference; lastKnownFileType = sourcecode.swift; path = MainViewModel.swift; sourceTree = "<group>"; };
		4B38449D21DFD6870064F731 /* KeyboardContentAdjustable.swift */ = {isa = PBXFileReference; lastKnownFileType = sourcecode.swift; path = KeyboardContentAdjustable.swift; sourceTree = "<group>"; };
		4B38449F21DFD6930064F731 /* CustomButton.swift */ = {isa = PBXFileReference; lastKnownFileType = sourcecode.swift; path = CustomButton.swift; sourceTree = "<group>"; };
		4B3844A121DFD6A60064F731 /* CustomTextField.swift */ = {isa = PBXFileReference; lastKnownFileType = sourcecode.swift; path = CustomTextField.swift; sourceTree = "<group>"; };
		4B3844A321DFD6AE0064F731 /* ViewConfig.swift */ = {isa = PBXFileReference; lastKnownFileType = sourcecode.swift; path = ViewConfig.swift; sourceTree = "<group>"; };
		4B3844A521DFD7FE0064F731 /* SignInViewController.swift */ = {isa = PBXFileReference; fileEncoding = 4; lastKnownFileType = sourcecode.swift; path = SignInViewController.swift; sourceTree = "<group>"; };
		4B3844A621DFD7FE0064F731 /* SignInViewController.xib */ = {isa = PBXFileReference; fileEncoding = 4; lastKnownFileType = file.xib; path = SignInViewController.xib; sourceTree = "<group>"; };
		4B3844A921DFD85C0064F731 /* SignUpViewController.xib */ = {isa = PBXFileReference; fileEncoding = 4; lastKnownFileType = file.xib; path = SignUpViewController.xib; sourceTree = "<group>"; };
		4B3844AA21DFD85C0064F731 /* SignUpViewController.swift */ = {isa = PBXFileReference; fileEncoding = 4; lastKnownFileType = sourcecode.swift; path = SignUpViewController.swift; sourceTree = "<group>"; };
		4B3844AD21DFD89E0064F731 /* WelcomeViewController.swift */ = {isa = PBXFileReference; fileEncoding = 4; lastKnownFileType = sourcecode.swift; path = WelcomeViewController.swift; sourceTree = "<group>"; };
		4B3844AE21DFD89E0064F731 /* WelcomeViewController.xib */ = {isa = PBXFileReference; fileEncoding = 4; lastKnownFileType = file.xib; path = WelcomeViewController.xib; sourceTree = "<group>"; };
		4B3844B121DFE9AE0064F731 /* AlertViewModel.swift */ = {isa = PBXFileReference; lastKnownFileType = sourcecode.swift; path = AlertViewModel.swift; sourceTree = "<group>"; };
		4B3844B421DFEC2B0064F731 /* EmailValidationStringExtension.swift */ = {isa = PBXFileReference; lastKnownFileType = sourcecode.swift; path = EmailValidationStringExtension.swift; sourceTree = "<group>"; };
		4B3844B621DFFB2B0064F731 /* UserDefaults.swift */ = {isa = PBXFileReference; lastKnownFileType = sourcecode.swift; path = UserDefaults.swift; sourceTree = "<group>"; };
		4B3844B821E02EC40064F731 /* MainViewController.swift */ = {isa = PBXFileReference; lastKnownFileType = sourcecode.swift; path = MainViewController.swift; sourceTree = "<group>"; };
		4B3844B921E02EC40064F731 /* MainViewController.xib */ = {isa = PBXFileReference; lastKnownFileType = file.xib; path = MainViewController.xib; sourceTree = "<group>"; };
		4B3844BC21E038F80064F731 /* CatCellViewModel.swift */ = {isa = PBXFileReference; lastKnownFileType = sourcecode.swift; path = CatCellViewModel.swift; sourceTree = "<group>"; };
		4B3844C021E03C5E0064F731 /* Cat.swift */ = {isa = PBXFileReference; lastKnownFileType = sourcecode.swift; path = Cat.swift; sourceTree = "<group>"; };
		4B9248D921DFB29D00873821 /* CatFacts.app */ = {isa = PBXFileReference; explicitFileType = wrapper.application; includeInIndex = 0; path = CatFacts.app; sourceTree = BUILT_PRODUCTS_DIR; };
		4B9248DC21DFB29D00873821 /* AppDelegate.swift */ = {isa = PBXFileReference; lastKnownFileType = sourcecode.swift; path = AppDelegate.swift; sourceTree = "<group>"; };
		4B9248E321DFB29E00873821 /* Assets.xcassets */ = {isa = PBXFileReference; lastKnownFileType = folder.assetcatalog; path = Assets.xcassets; sourceTree = "<group>"; };
		4B9248E621DFB29E00873821 /* Base */ = {isa = PBXFileReference; lastKnownFileType = file.storyboard; name = Base; path = Base.lproj/LaunchScreen.storyboard; sourceTree = "<group>"; };
		4BE7205621DFB3A4001D952C /* Info.plist */ = {isa = PBXFileReference; fileEncoding = 4; lastKnownFileType = text.plist.xml; path = Info.plist; sourceTree = "<group>"; };
		82ADFFD4B4E7F3E200D671A5 /* Pods_CatFacts.framework */ = {isa = PBXFileReference; explicitFileType = wrapper.framework; includeInIndex = 0; path = Pods_CatFacts.framework; sourceTree = BUILT_PRODUCTS_DIR; };
		B5EB764825BBB6CA12B9C601 /* Pods-CatFacts.debug.xcconfig */ = {isa = PBXFileReference; includeInIndex = 1; lastKnownFileType = text.xcconfig; name = "Pods-CatFacts.debug.xcconfig"; path = "Pods/Target Support Files/Pods-CatFacts/Pods-CatFacts.debug.xcconfig"; sourceTree = "<group>"; };
/* End PBXFileReference section */

/* Begin PBXFrameworksBuildPhase section */
		4B9248D621DFB29D00873821 /* Frameworks */ = {
			isa = PBXFrameworksBuildPhase;
			buildActionMask = 2147483647;
			files = (
				0DE6E4A97753B2EF4246E863 /* Pods_CatFacts.framework in Frameworks */,
			);
			runOnlyForDeploymentPostprocessing = 0;
		};
/* End PBXFrameworksBuildPhase section */

/* Begin PBXGroup section */
		28C26360BC5CD68A336CD39F /* Pods */ = {
			isa = PBXGroup;
			children = (
				B5EB764825BBB6CA12B9C601 /* Pods-CatFacts.debug.xcconfig */,
				2DE9F459D069525AE322C914 /* Pods-CatFacts.release.xcconfig */,
			);
			name = Pods;
			sourceTree = "<group>";
		};
		4B1BC43021E12C9000D3BC12 /* Alert */ = {
			isa = PBXGroup;
			children = (
				4B1BC43121E12CA800D3BC12 /* AlertViewController.swift */,
			);
			path = Alert;
			sourceTree = "<group>";
		};
		4B38446321DFB6650064F731 /* Networking */ = {
			isa = PBXGroup;
			children = (
				4B38446421DFB6A70064F731 /* DownloadService.swift */,
				4B38447221DFB7F80064F731 /* UserDefaultsService.swift */,
			);
			path = Networking;
			sourceTree = "<group>";
		};
		4B38446621DFB7150064F731 /* Utils */ = {
			isa = PBXGroup;
			children = (
				4B38446721DFB7350064F731 /* Result.swift */,
			);
			path = Utils;
			sourceTree = "<group>";
		};
		4B38446921DFB7490064F731 /* View */ = {
			isa = PBXGroup;
			children = (
				4B1BC43021E12C9000D3BC12 /* Alert */,
				4B38449C21DFD6750064F731 /* Common */,
				4B38449521DFC8800064F731 /* Root */,
				4B38447621DFBD060064F731 /* Welcome */,
				4B38447C21DFBD6B0064F731 /* SignIn */,
				4B38447B21DFBD5B0064F731 /* SignUp */,
				4B38447D21DFBD810064F731 /* Main */,
			);
			path = View;
			sourceTree = "<group>";
		};
		4B38446A21DFB7580064F731 /* Model */ = {
			isa = PBXGroup;
			children = (
				4B3844B621DFFB2B0064F731 /* UserDefaults.swift */,
				4B3844C021E03C5E0064F731 /* Cat.swift */,
				4B1BC42E21E12C7E00D3BC12 /* Router.swift */,
			);
			path = Model;
			sourceTree = "<group>";
		};
		4B38446B21DFB75E0064F731 /* ViewModel */ = {
			isa = PBXGroup;
			children = (
				4B38446C21DFB7C30064F731 /* WelcomeViewModel.swift */,
				4B38446E21DFB7CF0064F731 /* SignUpViewModel.swift */,
				4B38447021DFB7DB0064F731 /* SignInViewModel.swift */,
				4B38449821DFD25E0064F731 /* MainViewModel.swift */,
				4B3844B121DFE9AE0064F731 /* AlertViewModel.swift */,
				4B3844BC21E038F80064F731 /* CatCellViewModel.swift */,
				4B1BC42421E0F3B500D3BC12 /* CatDetailViewModel.swift */,
			);
			path = ViewModel;
			sourceTree = "<group>";
		};
		4B38447621DFBD060064F731 /* Welcome */ = {
			isa = PBXGroup;
			children = (
				4B3844AD21DFD89E0064F731 /* WelcomeViewController.swift */,
				4B3844AE21DFD89E0064F731 /* WelcomeViewController.xib */,
			);
			path = Welcome;
			sourceTree = "<group>";
		};
		4B38447B21DFBD5B0064F731 /* SignUp */ = {
			isa = PBXGroup;
			children = (
				4B3844AA21DFD85C0064F731 /* SignUpViewController.swift */,
				4B3844A921DFD85C0064F731 /* SignUpViewController.xib */,
			);
			path = SignUp;
			sourceTree = "<group>";
		};
		4B38447C21DFBD6B0064F731 /* SignIn */ = {
			isa = PBXGroup;
			children = (
				4B3844A521DFD7FE0064F731 /* SignInViewController.swift */,
				4B3844A621DFD7FE0064F731 /* SignInViewController.xib */,
			);
			path = SignIn;
			sourceTree = "<group>";
		};
		4B38447D21DFBD810064F731 /* Main */ = {
			isa = PBXGroup;
			children = (
				4B3844B821E02EC40064F731 /* MainViewController.swift */,
				4B3844B921E02EC40064F731 /* MainViewController.xib */,
				4B1BC42621E0F50C00D3BC12 /* CatTableViewCell.swift */,
				4B1BC42721E0F50C00D3BC12 /* CatTableViewCell.xib */,
				4B1BC42A21E0FC1B00D3BC12 /* CatDetailViewController.swift */,
				4B1BC42B21E0FC1B00D3BC12 /* CatDetailViewController.xib */,
			);
			path = Main;
			sourceTree = "<group>";
		};
		4B38449521DFC8800064F731 /* Root */ = {
			isa = PBXGroup;
			children = (
				4B38449621DFC89A0064F731 /* RootViewController.swift */,
			);
			path = Root;
			sourceTree = "<group>";
		};
		4B38449C21DFD6750064F731 /* Common */ = {
			isa = PBXGroup;
			children = (
				4B38449D21DFD6870064F731 /* KeyboardContentAdjustable.swift */,
				4B38449F21DFD6930064F731 /* CustomButton.swift */,
				4B3844A121DFD6A60064F731 /* CustomTextField.swift */,
				4B3844A321DFD6AE0064F731 /* ViewConfig.swift */,
			);
			path = Common;
			sourceTree = "<group>";
		};
		4B3844B321DFEC110064F731 /* Extensions */ = {
			isa = PBXGroup;
			children = (
				4B3844B421DFEC2B0064F731 /* EmailValidationStringExtension.swift */,
			);
			path = Extensions;
			sourceTree = "<group>";
		};
		4B9248D021DFB29D00873821 = {
			isa = PBXGroup;
			children = (
				4B9248DB21DFB29D00873821 /* Source */,
				4B9248DA21DFB29D00873821 /* Products */,
				28C26360BC5CD68A336CD39F /* Pods */,
				E6DD5AF88F4A3C71CB9209B6 /* Frameworks */,
			);
			sourceTree = "<group>";
		};
		4B9248DA21DFB29D00873821 /* Products */ = {
			isa = PBXGroup;
			children = (
				4B9248D921DFB29D00873821 /* CatFacts.app */,
			);
			name = Products;
			sourceTree = "<group>";
		};
		4B9248DB21DFB29D00873821 /* Source */ = {
			isa = PBXGroup;
			children = (
				4BE7205521DFB361001D952C /* Application */,
				4B3844B321DFEC110064F731 /* Extensions */,
				4B38446621DFB7150064F731 /* Utils */,
				4B38446321DFB6650064F731 /* Networking */,
				4B38446A21DFB7580064F731 /* Model */,
				4B38446921DFB7490064F731 /* View */,
				4B38446B21DFB75E0064F731 /* ViewModel */,
			);
			path = Source;
			sourceTree = "<group>";
		};
		4BE7205421DFB32C001D952C /* Supporting Files */ = {
			isa = PBXGroup;
			children = (
				4BE7205621DFB3A4001D952C /* Info.plist */,
				4B9248E321DFB29E00873821 /* Assets.xcassets */,
				4B9248E521DFB29E00873821 /* LaunchScreen.storyboard */,
			);
			path = "Supporting Files";
			sourceTree = "<group>";
		};
		4BE7205521DFB361001D952C /* Application */ = {
			isa = PBXGroup;
			children = (
				4B9248DC21DFB29D00873821 /* AppDelegate.swift */,
				4BE7205421DFB32C001D952C /* Supporting Files */,
			);
			path = Application;
			sourceTree = "<group>";
		};
		E6DD5AF88F4A3C71CB9209B6 /* Frameworks */ = {
			isa = PBXGroup;
			children = (
				82ADFFD4B4E7F3E200D671A5 /* Pods_CatFacts.framework */,
			);
			name = Frameworks;
			sourceTree = "<group>";
		};
/* End PBXGroup section */

/* Begin PBXNativeTarget section */
		4B9248D821DFB29D00873821 /* CatFacts */ = {
			isa = PBXNativeTarget;
			buildConfigurationList = 4B9248EB21DFB29E00873821 /* Build configuration list for PBXNativeTarget "CatFacts" */;
			buildPhases = (
				9845A274D1EAA5C9C6BB58C2 /* [CP] Check Pods Manifest.lock */,
				4B9248D521DFB29D00873821 /* Sources */,
				4B9248D621DFB29D00873821 /* Frameworks */,
				4B9248D721DFB29D00873821 /* Resources */,
				375DD1FAFF0F4027B0EBCB78 /* [CP] Embed Pods Frameworks */,
			);
			buildRules = (
			);
			dependencies = (
			);
			name = CatFacts;
			productName = CatFacts;
			productReference = 4B9248D921DFB29D00873821 /* CatFacts.app */;
			productType = "com.apple.product-type.application";
		};
/* End PBXNativeTarget section */

/* Begin PBXProject section */
		4B9248D121DFB29D00873821 /* Project object */ = {
			isa = PBXProject;
			attributes = {
				LastSwiftUpdateCheck = 1010;
				LastUpgradeCheck = 1010;
				ORGANIZATIONNAME = "Yurii Tsymbala";
				TargetAttributes = {
					4B9248D821DFB29D00873821 = {
						CreatedOnToolsVersion = 10.1;
					};
				};
			};
			buildConfigurationList = 4B9248D421DFB29D00873821 /* Build configuration list for PBXProject "CatFacts" */;
			compatibilityVersion = "Xcode 9.3";
			developmentRegion = en;
			hasScannedForEncodings = 0;
			knownRegions = (
				en,
				Base,
			);
			mainGroup = 4B9248D021DFB29D00873821;
			productRefGroup = 4B9248DA21DFB29D00873821 /* Products */;
			projectDirPath = "";
			projectRoot = "";
			targets = (
				4B9248D821DFB29D00873821 /* CatFacts */,
			);
		};
/* End PBXProject section */

/* Begin PBXResourcesBuildPhase section */
		4B9248D721DFB29D00873821 /* Resources */ = {
			isa = PBXResourcesBuildPhase;
			buildActionMask = 2147483647;
			files = (
				4B9248E721DFB29E00873821 /* LaunchScreen.storyboard in Resources */,
				4B3844B021DFD89E0064F731 /* WelcomeViewController.xib in Resources */,
				4B3844AB21DFD85C0064F731 /* SignUpViewController.xib in Resources */,
				4B9248E421DFB29E00873821 /* Assets.xcassets in Resources */,
				4B3844A821DFD7FF0064F731 /* SignInViewController.xib in Resources */,
				4B1BC42921E0F50C00D3BC12 /* CatTableViewCell.xib in Resources */,
				4B1BC42D21E0FC1B00D3BC12 /* CatDetailViewController.xib in Resources */,
				4B3844BB21E02EC40064F731 /* MainViewController.xib in Resources */,
			);
			runOnlyForDeploymentPostprocessing = 0;
		};
/* End PBXResourcesBuildPhase section */

/* Begin PBXShellScriptBuildPhase section */
		375DD1FAFF0F4027B0EBCB78 /* [CP] Embed Pods Frameworks */ = {
			isa = PBXShellScriptBuildPhase;
			buildActionMask = 2147483647;
			files = (
			);
			inputFileListPaths = (
			);
			inputPaths = (
				"${SRCROOT}/Pods/Target Support Files/Pods-CatFacts/Pods-CatFacts-frameworks.sh",
				"${BUILT_PRODUCTS_DIR}/Alamofire/Alamofire.framework",
				"${BUILT_PRODUCTS_DIR}/RxAtomic/RxAtomic.framework",
				"${BUILT_PRODUCTS_DIR}/RxCocoa/RxCocoa.framework",
				"${BUILT_PRODUCTS_DIR}/RxSwift/RxSwift.framework",
				"${BUILT_PRODUCTS_DIR}/SwiftyJSON/SwiftyJSON.framework",
			);
			name = "[CP] Embed Pods Frameworks";
			outputFileListPaths = (
			);
			outputPaths = (
				"${TARGET_BUILD_DIR}/${FRAMEWORKS_FOLDER_PATH}/Alamofire.framework",
				"${TARGET_BUILD_DIR}/${FRAMEWORKS_FOLDER_PATH}/RxAtomic.framework",
				"${TARGET_BUILD_DIR}/${FRAMEWORKS_FOLDER_PATH}/RxCocoa.framework",
				"${TARGET_BUILD_DIR}/${FRAMEWORKS_FOLDER_PATH}/RxSwift.framework",
				"${TARGET_BUILD_DIR}/${FRAMEWORKS_FOLDER_PATH}/SwiftyJSON.framework",
			);
			runOnlyForDeploymentPostprocessing = 0;
			shellPath = /bin/sh;
			shellScript = "\"${SRCROOT}/Pods/Target Support Files/Pods-CatFacts/Pods-CatFacts-frameworks.sh\"\n";
			showEnvVarsInLog = 0;
		};
		9845A274D1EAA5C9C6BB58C2 /* [CP] Check Pods Manifest.lock */ = {
			isa = PBXShellScriptBuildPhase;
			buildActionMask = 2147483647;
			files = (
			);
			inputFileListPaths = (
			);
			inputPaths = (
				"${PODS_PODFILE_DIR_PATH}/Podfile.lock",
				"${PODS_ROOT}/Manifest.lock",
			);
			name = "[CP] Check Pods Manifest.lock";
			outputFileListPaths = (
			);
			outputPaths = (
				"$(DERIVED_FILE_DIR)/Pods-CatFacts-checkManifestLockResult.txt",
			);
			runOnlyForDeploymentPostprocessing = 0;
			shellPath = /bin/sh;
			shellScript = "diff \"${PODS_PODFILE_DIR_PATH}/Podfile.lock\" \"${PODS_ROOT}/Manifest.lock\" > /dev/null\nif [ $? != 0 ] ; then\n    # print error to STDERR\n    echo \"error: The sandbox is not in sync with the Podfile.lock. Run 'pod install' or update your CocoaPods installation.\" >&2\n    exit 1\nfi\n# This output is used by Xcode 'outputs' to avoid re-running this script phase.\necho \"SUCCESS\" > \"${SCRIPT_OUTPUT_FILE_0}\"\n";
			showEnvVarsInLog = 0;
		};
/* End PBXShellScriptBuildPhase section */

/* Begin PBXSourcesBuildPhase section */
		4B9248D521DFB29D00873821 /* Sources */ = {
			isa = PBXSourcesBuildPhase;
			buildActionMask = 2147483647;
			files = (
				4B38449721DFC89A0064F731 /* RootViewController.swift in Sources */,
				4B3844B521DFEC2B0064F731 /* EmailValidationStringExtension.swift in Sources */,
				4B3844BA21E02EC40064F731 /* MainViewController.swift in Sources */,
				4B38449E21DFD6870064F731 /* KeyboardContentAdjustable.swift in Sources */,
				4B1BC42821E0F50C00D3BC12 /* CatTableViewCell.swift in Sources */,
				4B38447121DFB7DB0064F731 /* SignInViewModel.swift in Sources */,
				4B3844B721DFFB2B0064F731 /* UserDefaults.swift in Sources */,
				4B38446D21DFB7C30064F731 /* WelcomeViewModel.swift in Sources */,
				4B3844AC21DFD85C0064F731 /* SignUpViewController.swift in Sources */,
				4B9248DD21DFB29D00873821 /* AppDelegate.swift in Sources */,
				4B1BC42521E0F3B500D3BC12 /* CatDetailViewModel.swift in Sources */,
				4B3844A021DFD6930064F731 /* CustomButton.swift in Sources */,
				4B1BC42F21E12C7E00D3BC12 /* Router.swift in Sources */,
				4B1BC42C21E0FC1B00D3BC12 /* CatDetailViewController.swift in Sources */,
				4B3844A721DFD7FF0064F731 /* SignInViewController.swift in Sources */,
				4B38447321DFB7F80064F731 /* UserDefaultsService.swift in Sources */,
				4B3844A221DFD6A60064F731 /* CustomTextField.swift in Sources */,
				4B3844B221DFE9AE0064F731 /* AlertViewModel.swift in Sources */,
				4B3844C121E03C5E0064F731 /* Cat.swift in Sources */,
				4B38449921DFD25E0064F731 /* MainViewModel.swift in Sources */,
				4B38446821DFB7350064F731 /* Result.swift in Sources */,
				4B38446F21DFB7CF0064F731 /* SignUpViewModel.swift in Sources */,
				4B1BC43221E12CA800D3BC12 /* AlertViewController.swift in Sources */,
				4B3844A421DFD6AE0064F731 /* ViewConfig.swift in Sources */,
				4B38446521DFB6A70064F731 /* DownloadService.swift in Sources */,
				4B3844AF21DFD89E0064F731 /* WelcomeViewController.swift in Sources */,
				4B3844BD21E038F80064F731 /* CatCellViewModel.swift in Sources */,
			);
			runOnlyForDeploymentPostprocessing = 0;
		};
/* End PBXSourcesBuildPhase section */

/* Begin PBXVariantGroup section */
		4B9248E521DFB29E00873821 /* LaunchScreen.storyboard */ = {
			isa = PBXVariantGroup;
			children = (
				4B9248E621DFB29E00873821 /* Base */,
			);
			name = LaunchScreen.storyboard;
			sourceTree = "<group>";
		};
/* End PBXVariantGroup section */

/* Begin XCBuildConfiguration section */
		4B9248E921DFB29E00873821 /* Debug */ = {
			isa = XCBuildConfiguration;
			buildSettings = {
				ALWAYS_SEARCH_USER_PATHS = NO;
				CLANG_ANALYZER_NONNULL = YES;
				CLANG_ANALYZER_NUMBER_OBJECT_CONVERSION = YES_AGGRESSIVE;
				CLANG_CXX_LANGUAGE_STANDARD = "gnu++14";
				CLANG_CXX_LIBRARY = "libc++";
				CLANG_ENABLE_MODULES = YES;
				CLANG_ENABLE_OBJC_ARC = YES;
				CLANG_ENABLE_OBJC_WEAK = YES;
				CLANG_WARN_BLOCK_CAPTURE_AUTORELEASING = YES;
				CLANG_WARN_BOOL_CONVERSION = YES;
				CLANG_WARN_COMMA = YES;
				CLANG_WARN_CONSTANT_CONVERSION = YES;
				CLANG_WARN_DEPRECATED_OBJC_IMPLEMENTATIONS = YES;
				CLANG_WARN_DIRECT_OBJC_ISA_USAGE = YES_ERROR;
				CLANG_WARN_DOCUMENTATION_COMMENTS = YES;
				CLANG_WARN_EMPTY_BODY = YES;
				CLANG_WARN_ENUM_CONVERSION = YES;
				CLANG_WARN_INFINITE_RECURSION = YES;
				CLANG_WARN_INT_CONVERSION = YES;
				CLANG_WARN_NON_LITERAL_NULL_CONVERSION = YES;
				CLANG_WARN_OBJC_IMPLICIT_RETAIN_SELF = YES;
				CLANG_WARN_OBJC_LITERAL_CONVERSION = YES;
				CLANG_WARN_OBJC_ROOT_CLASS = YES_ERROR;
				CLANG_WARN_RANGE_LOOP_ANALYSIS = YES;
				CLANG_WARN_STRICT_PROTOTYPES = YES;
				CLANG_WARN_SUSPICIOUS_MOVE = YES;
				CLANG_WARN_UNGUARDED_AVAILABILITY = YES_AGGRESSIVE;
				CLANG_WARN_UNREACHABLE_CODE = YES;
				CLANG_WARN__DUPLICATE_METHOD_MATCH = YES;
				CODE_SIGN_IDENTITY = "iPhone Developer";
				COPY_PHASE_STRIP = NO;
				DEBUG_INFORMATION_FORMAT = dwarf;
				ENABLE_STRICT_OBJC_MSGSEND = YES;
				ENABLE_TESTABILITY = YES;
				GCC_C_LANGUAGE_STANDARD = gnu11;
				GCC_DYNAMIC_NO_PIC = NO;
				GCC_NO_COMMON_BLOCKS = YES;
				GCC_OPTIMIZATION_LEVEL = 0;
				GCC_PREPROCESSOR_DEFINITIONS = (
					"DEBUG=1",
					"$(inherited)",
				);
				GCC_WARN_64_TO_32_BIT_CONVERSION = YES;
				GCC_WARN_ABOUT_RETURN_TYPE = YES_ERROR;
				GCC_WARN_UNDECLARED_SELECTOR = YES;
				GCC_WARN_UNINITIALIZED_AUTOS = YES_AGGRESSIVE;
				GCC_WARN_UNUSED_FUNCTION = YES;
				GCC_WARN_UNUSED_VARIABLE = YES;
				IPHONEOS_DEPLOYMENT_TARGET = 12.1;
				MTL_ENABLE_DEBUG_INFO = INCLUDE_SOURCE;
				MTL_FAST_MATH = YES;
				ONLY_ACTIVE_ARCH = YES;
				SDKROOT = iphoneos;
				SWIFT_ACTIVE_COMPILATION_CONDITIONS = DEBUG;
				SWIFT_OPTIMIZATION_LEVEL = "-Onone";
			};
			name = Debug;
		};
		4B9248EA21DFB29E00873821 /* Release */ = {
			isa = XCBuildConfiguration;
			buildSettings = {
				ALWAYS_SEARCH_USER_PATHS = NO;
				CLANG_ANALYZER_NONNULL = YES;
				CLANG_ANALYZER_NUMBER_OBJECT_CONVERSION = YES_AGGRESSIVE;
				CLANG_CXX_LANGUAGE_STANDARD = "gnu++14";
				CLANG_CXX_LIBRARY = "libc++";
				CLANG_ENABLE_MODULES = YES;
				CLANG_ENABLE_OBJC_ARC = YES;
				CLANG_ENABLE_OBJC_WEAK = YES;
				CLANG_WARN_BLOCK_CAPTURE_AUTORELEASING = YES;
				CLANG_WARN_BOOL_CONVERSION = YES;
				CLANG_WARN_COMMA = YES;
				CLANG_WARN_CONSTANT_CONVERSION = YES;
				CLANG_WARN_DEPRECATED_OBJC_IMPLEMENTATIONS = YES;
				CLANG_WARN_DIRECT_OBJC_ISA_USAGE = YES_ERROR;
				CLANG_WARN_DOCUMENTATION_COMMENTS = YES;
				CLANG_WARN_EMPTY_BODY = YES;
				CLANG_WARN_ENUM_CONVERSION = YES;
				CLANG_WARN_INFINITE_RECURSION = YES;
				CLANG_WARN_INT_CONVERSION = YES;
				CLANG_WARN_NON_LITERAL_NULL_CONVERSION = YES;
				CLANG_WARN_OBJC_IMPLICIT_RETAIN_SELF = YES;
				CLANG_WARN_OBJC_LITERAL_CONVERSION = YES;
				CLANG_WARN_OBJC_ROOT_CLASS = YES_ERROR;
				CLANG_WARN_RANGE_LOOP_ANALYSIS = YES;
				CLANG_WARN_STRICT_PROTOTYPES = YES;
				CLANG_WARN_SUSPICIOUS_MOVE = YES;
				CLANG_WARN_UNGUARDED_AVAILABILITY = YES_AGGRESSIVE;
				CLANG_WARN_UNREACHABLE_CODE = YES;
				CLANG_WARN__DUPLICATE_METHOD_MATCH = YES;
				CODE_SIGN_IDENTITY = "iPhone Developer";
				COPY_PHASE_STRIP = NO;
				DEBUG_INFORMATION_FORMAT = "dwarf-with-dsym";
				ENABLE_NS_ASSERTIONS = NO;
				ENABLE_STRICT_OBJC_MSGSEND = YES;
				GCC_C_LANGUAGE_STANDARD = gnu11;
				GCC_NO_COMMON_BLOCKS = YES;
				GCC_WARN_64_TO_32_BIT_CONVERSION = YES;
				GCC_WARN_ABOUT_RETURN_TYPE = YES_ERROR;
				GCC_WARN_UNDECLARED_SELECTOR = YES;
				GCC_WARN_UNINITIALIZED_AUTOS = YES_AGGRESSIVE;
				GCC_WARN_UNUSED_FUNCTION = YES;
				GCC_WARN_UNUSED_VARIABLE = YES;
				IPHONEOS_DEPLOYMENT_TARGET = 12.1;
				MTL_ENABLE_DEBUG_INFO = NO;
				MTL_FAST_MATH = YES;
				SDKROOT = iphoneos;
				SWIFT_COMPILATION_MODE = wholemodule;
				SWIFT_OPTIMIZATION_LEVEL = "-O";
				VALIDATE_PRODUCT = YES;
			};
			name = Release;
		};
		4B9248EC21DFB29E00873821 /* Debug */ = {
			isa = XCBuildConfiguration;
			baseConfigurationReference = B5EB764825BBB6CA12B9C601 /* Pods-CatFacts.debug.xcconfig */;
			buildSettings = {
				ASSETCATALOG_COMPILER_APPICON_NAME = AppIcon;
				CODE_SIGN_STYLE = Automatic;
				DEVELOPMENT_TEAM = Y8CF7ZMY8K;
				INFOPLIST_FILE = "$(SRCROOT)/Source/Application/Supporting Files/Info.plist";
				IPHONEOS_DEPLOYMENT_TARGET = 11.4;
				LD_RUNPATH_SEARCH_PATHS = (
					"$(inherited)",
					"@executable_path/Frameworks",
				);
				PRODUCT_BUNDLE_IDENTIFIER = com.yurafloka.CatFacts;
				PRODUCT_NAME = "$(TARGET_NAME)";
				SWIFT_VERSION = 4.2;
				TARGETED_DEVICE_FAMILY = 1;
			};
			name = Debug;
		};
		4B9248ED21DFB29E00873821 /* Release */ = {
			isa = XCBuildConfiguration;
			baseConfigurationReference = 2DE9F459D069525AE322C914 /* Pods-CatFacts.release.xcconfig */;
			buildSettings = {
				ASSETCATALOG_COMPILER_APPICON_NAME = AppIcon;
				CODE_SIGN_STYLE = Automatic;
				DEVELOPMENT_TEAM = Y8CF7ZMY8K;
				INFOPLIST_FILE = "$(SRCROOT)/Source/Application/Supporting Files/Info.plist";
				IPHONEOS_DEPLOYMENT_TARGET = 11.4;
				LD_RUNPATH_SEARCH_PATHS = (
					"$(inherited)",
					"@executable_path/Frameworks",
				);
				PRODUCT_BUNDLE_IDENTIFIER = com.yurafloka.CatFacts;
				PRODUCT_NAME = "$(TARGET_NAME)";
				SWIFT_VERSION = 4.2;
				TARGETED_DEVICE_FAMILY = 1;
			};
			name = Release;
		};
/* End XCBuildConfiguration section */

/* Begin XCConfigurationList section */
		4B9248D421DFB29D00873821 /* Build configuration list for PBXProject "CatFacts" */ = {
			isa = XCConfigurationList;
			buildConfigurations = (
				4B9248E921DFB29E00873821 /* Debug */,
				4B9248EA21DFB29E00873821 /* Release */,
			);
			defaultConfigurationIsVisible = 0;
			defaultConfigurationName = Release;
		};
		4B9248EB21DFB29E00873821 /* Build configuration list for PBXNativeTarget "CatFacts" */ = {
			isa = XCConfigurationList;
			buildConfigurations = (
				4B9248EC21DFB29E00873821 /* Debug */,
				4B9248ED21DFB29E00873821 /* Release */,
			);
			defaultConfigurationIsVisible = 0;
			defaultConfigurationName = Release;
		};
/* End XCConfigurationList section */
	};
	rootObject = 4B9248D121DFB29D00873821 /* Project object */;
}
